
Microsoft Visual Studio Solution File, Format Version 12.00
# Visual Studio 15
VisualStudioVersion = 15.0.27004.2009
MinimumVisualStudioVersion = 10.0.40219.1
Project("{FAE04EC0-301F-11D3-BF4B-00C04F79EFBC}") = "CorpDevVSTSRbac", "src\CorpDevVSTSRbac.csproj", "{59327285-47EA-4444-A851-1FA0A8199504}"
EndProject
Global
	GlobalSection(SolutionConfigurationPlatforms) = preSolution
		Debug|Any CPU = Debug|Any CPU
		Release|Any CPU = Release|Any CPU
	EndGlobalSection
	GlobalSection(ProjectConfigurationPlatforms) = postSolution
		{59327285-47EA-4444-A851-1FA0A8199504}.Debug|Any CPU.ActiveCfg = Debug|Any CPU
		{59327285-47EA-4444-A851-1FA0A8199504}.Debug|Any CPU.Build.0 = Debug|Any CPU
		{59327285-47EA-4444-A851-1FA0A8199504}.Release|Any CPU.ActiveCfg = Release|Any CPU
		{59327285-47EA-4444-A851-1FA0A8199504}.Release|Any CPU.Build.0 = Release|Any CPU
	EndGlobalSection
	GlobalSection(SolutionProperties) = preSolution
		HideSolutionNode = FALSE
	EndGlobalSection
	GlobalSection(ExtensibilityGlobals) = postSolution
		SolutionGuid = {6D139126-E4AA-4124-AEAE-69B67C292E58}
	EndGlobalSection
EndGlobal
